
Microsoft Visual Studio Solution File, Format Version 12.00
# Visual Studio Version 17
VisualStudioVersion = 17.3.32929.385
MinimumVisualStudioVersion = 10.0.40219.1
Project("{9A19103F-16F7-4668-BE54-9A1E7A4F7556}") = "BuckyBookWeb", "BuckyBookWeb\BuckyBookWeb.csproj", "{F92320C1-EAB5-490C-B23E-E0DD854B5214}"
EndProject
Project("{9A19103F-16F7-4668-BE54-9A1E7A4F7556}") = "BuckyBookDataAccess", "BuckyBookData\BuckyBookDataAccess.csproj", "{EFBA1B6F-6083-4F99-97A1-3A5DEFE6A445}"
EndProject
Project("{9A19103F-16F7-4668-BE54-9A1E7A4F7556}") = "BuckyBookModels", "BuckyBookModels\BuckyBookModels.csproj", "{B8870131-F9DE-4C41-8226-3D6A197C7292}"
EndProject
Project("{9A19103F-16F7-4668-BE54-9A1E7A4F7556}") = "BuckyBookUtility", "BuckyBookUtility\BuckyBookUtility.csproj", "{F8348220-3754-48BC-A424-AA8E8A7578C6}"
EndProject
Global
	GlobalSection(SolutionConfigurationPlatforms) = preSolution
		Debug|Any CPU = Debug|Any CPU
		Release|Any CPU = Release|Any CPU
	EndGlobalSection
	GlobalSection(ProjectConfigurationPlatforms) = postSolution
		{F92320C1-EAB5-490C-B23E-E0DD854B5214}.Debug|Any CPU.ActiveCfg = Debug|Any CPU
		{F92320C1-EAB5-490C-B23E-E0DD854B5214}.Debug|Any CPU.Build.0 = Debug|Any CPU
		{F92320C1-EAB5-490C-B23E-E0DD854B5214}.Release|Any CPU.ActiveCfg = Release|Any CPU
		{F92320C1-EAB5-490C-B23E-E0DD854B5214}.Release|Any CPU.Build.0 = Release|Any CPU
		{EFBA1B6F-6083-4F99-97A1-3A5DEFE6A445}.Debug|Any CPU.ActiveCfg = Debug|Any CPU
		{EFBA1B6F-6083-4F99-97A1-3A5DEFE6A445}.Debug|Any CPU.Build.0 = Debug|Any CPU
		{EFBA1B6F-6083-4F99-97A1-3A5DEFE6A445}.Release|Any CPU.ActiveCfg = Release|Any CPU
		{EFBA1B6F-6083-4F99-97A1-3A5DEFE6A445}.Release|Any CPU.Build.0 = Release|Any CPU
		{B8870131-F9DE-4C41-8226-3D6A197C7292}.Debug|Any CPU.ActiveCfg = Debug|Any CPU
		{B8870131-F9DE-4C41-8226-3D6A197C7292}.Debug|Any CPU.Build.0 = Debug|Any CPU
		{B8870131-F9DE-4C41-8226-3D6A197C7292}.Release|Any CPU.ActiveCfg = Release|Any CPU
		{B8870131-F9DE-4C41-8226-3D6A197C7292}.Release|Any CPU.Build.0 = Release|Any CPU
		{F8348220-3754-48BC-A424-AA8E8A7578C6}.Debug|Any CPU.ActiveCfg = Debug|Any CPU
		{F8348220-3754-48BC-A424-AA8E8A7578C6}.Debug|Any CPU.Build.0 = Debug|Any CPU
		{F8348220-3754-48BC-A424-AA8E8A7578C6}.Release|Any CPU.ActiveCfg = Release|Any CPU
		{F8348220-3754-48BC-A424-AA8E8A7578C6}.Release|Any CPU.Build.0 = Release|Any CPU
	EndGlobalSection
	GlobalSection(SolutionProperties) = preSolution
		HideSolutionNode = FALSE
	EndGlobalSection
	GlobalSection(ExtensibilityGlobals) = postSolution
		SolutionGuid = {EAD78B38-6606-47A7-85C7-2038BA6F7053}
	EndGlobalSection
EndGlobal
